
Microsoft Visual Studio Solution File, Format Version 12.00
# Visual Studio Version 17
VisualStudioVersion = 17.7.34031.279
MinimumVisualStudioVersion = 10.0.40219.1
Project("{FAE04EC0-301F-11D3-BF4B-00C04F79EFBC}") = "StringExercises", "StringExercises.csproj", "{084D4AC4-122E-418B-A924-2BB0F8829043}"
EndProject
Global
	GlobalSection(SolutionConfigurationPlatforms) = preSolution
		Debug|Any CPU = Debug|Any CPU
		Release|Any CPU = Release|Any CPU
	EndGlobalSection
	GlobalSection(ProjectConfigurationPlatforms) = postSolution
		{084D4AC4-122E-418B-A924-2BB0F8829043}.Debug|Any CPU.ActiveCfg = Debug|Any CPU
		{084D4AC4-122E-418B-A924-2BB0F8829043}.Debug|Any CPU.Build.0 = Debug|Any CPU
		{084D4AC4-122E-418B-A924-2BB0F8829043}.Release|Any CPU.ActiveCfg = Release|Any CPU
		{084D4AC4-122E-418B-A924-2BB0F8829043}.Release|Any CPU.Build.0 = Release|Any CPU
	EndGlobalSection
	GlobalSection(SolutionProperties) = preSolution
		HideSolutionNode = FALSE
	EndGlobalSection
	GlobalSection(ExtensibilityGlobals) = postSolution
		SolutionGuid = {DF0A06E8-E23E-4B34-9341-A1F60B5D323A}
	EndGlobalSection
EndGlobal
